
Microsoft Visual Studio Solution File, Format Version 12.00
# Visual Studio 15
VisualStudioVersion = 15.0.28010.0
MinimumVisualStudioVersion = 10.0.40219.1
Project("{FAE04EC0-301F-11D3-BF4B-00C04F79EFBC}") = "QuanLiNhaHang", "WindowsFormsApp1\QuanLiNhaHang.csproj", "{9242F50D-957B-4EEE-842B-E7739C16FD27}"
EndProject
Project("{FAE04EC0-301F-11D3-BF4B-00C04F79EFBC}") = "BUS", "BUS\BUS.csproj", "{0C1F04F6-AF8A-4A39-A702-B524798F1888}"
EndProject
Project("{FAE04EC0-301F-11D3-BF4B-00C04F79EFBC}") = "DAO", "DAO\DAO.csproj", "{3075DCFF-1E2D-4C7D-B6C2-0D943F39C459}"
EndProject
Project("{FAE04EC0-301F-11D3-BF4B-00C04F79EFBC}") = "DTO", "DTO\DTO.csproj", "{963AE35C-D64C-4D91-9548-99E0F8AFA195}"
EndProject
Global
	GlobalSection(SolutionConfigurationPlatforms) = preSolution
		Debug|Any CPU = Debug|Any CPU
		Release|Any CPU = Release|Any CPU
	EndGlobalSection
	GlobalSection(ProjectConfigurationPlatforms) = postSolution
		{9242F50D-957B-4EEE-842B-E7739C16FD27}.Debug|Any CPU.ActiveCfg = Debug|Any CPU
		{9242F50D-957B-4EEE-842B-E7739C16FD27}.Debug|Any CPU.Build.0 = Debug|Any CPU
		{9242F50D-957B-4EEE-842B-E7739C16FD27}.Release|Any CPU.ActiveCfg = Release|Any CPU
		{9242F50D-957B-4EEE-842B-E7739C16FD27}.Release|Any CPU.Build.0 = Release|Any CPU
		{0C1F04F6-AF8A-4A39-A702-B524798F1888}.Debug|Any CPU.ActiveCfg = Debug|Any CPU
		{0C1F04F6-AF8A-4A39-A702-B524798F1888}.Debug|Any CPU.Build.0 = Debug|Any CPU
		{0C1F04F6-AF8A-4A39-A702-B524798F1888}.Release|Any CPU.ActiveCfg = Release|Any CPU
		{0C1F04F6-AF8A-4A39-A702-B524798F1888}.Release|Any CPU.Build.0 = Release|Any CPU
		{3075DCFF-1E2D-4C7D-B6C2-0D943F39C459}.Debug|Any CPU.ActiveCfg = Debug|Any CPU
		{3075DCFF-1E2D-4C7D-B6C2-0D943F39C459}.Debug|Any CPU.Build.0 = Debug|Any CPU
		{3075DCFF-1E2D-4C7D-B6C2-0D943F39C459}.Release|Any CPU.ActiveCfg = Release|Any CPU
		{3075DCFF-1E2D-4C7D-B6C2-0D943F39C459}.Release|Any CPU.Build.0 = Release|Any CPU
		{963AE35C-D64C-4D91-9548-99E0F8AFA195}.Debug|Any CPU.ActiveCfg = Debug|Any CPU
		{963AE35C-D64C-4D91-9548-99E0F8AFA195}.Debug|Any CPU.Build.0 = Debug|Any CPU
		{963AE35C-D64C-4D91-9548-99E0F8AFA195}.Release|Any CPU.ActiveCfg = Release|Any CPU
		{963AE35C-D64C-4D91-9548-99E0F8AFA195}.Release|Any CPU.Build.0 = Release|Any CPU
	EndGlobalSection
	GlobalSection(SolutionProperties) = preSolution
		HideSolutionNode = FALSE
	EndGlobalSection
	GlobalSection(ExtensibilityGlobals) = postSolution
		SolutionGuid = {F6271EA5-B7AF-4CFC-BA7E-7BF0BF6AED21}
	EndGlobalSection
EndGlobal
